// !$*UTF8*$!
{
	archiveVersion = 1;
	classes = {
	};
	objectVersion = 51;
	objects = {

/* Begin PBXBuildFile section */
		0CED58BDF824657E973F7047 /* Pods_Dangun_Legend.framework in Frameworks */ = {isa = PBXBuildFile; fileRef = 482E835E189B783CE527223F /* Pods_Dangun_Legend.framework */; };
		A406D2832768A59A0062EF9B /* GradientView.swift in Sources */ = {isa = PBXBuildFile; fileRef = A406D2822768A59A0062EF9B /* GradientView.swift */; };
		A406D2862768B6F30062EF9B /* CaveGoalModel.swift in Sources */ = {isa = PBXBuildFile; fileRef = A406D2852768B6F30062EF9B /* CaveGoalModel.swift */; };
		A406D28E2768D2530062EF9B /* AddGoalViewController.swift in Sources */ = {isa = PBXBuildFile; fileRef = A406D28D2768D2520062EF9B /* AddGoalViewController.swift */; };
		A411E5022619CD970057FAD3 /* GoogleService-Info.plist in Resources */ = {isa = PBXBuildFile; fileRef = A411E5012619CD970057FAD3 /* GoogleService-Info.plist */; };
		A420E00F261724D00039F2C8 /* AppDelegate.swift in Sources */ = {isa = PBXBuildFile; fileRef = A420E00E261724D00039F2C8 /* AppDelegate.swift */; };
		A420E011261724D00039F2C8 /* SceneDelegate.swift in Sources */ = {isa = PBXBuildFile; fileRef = A420E010261724D00039F2C8 /* SceneDelegate.swift */; };
		A420E018261724D10039F2C8 /* Assets.xcassets in Resources */ = {isa = PBXBuildFile; fileRef = A420E017261724D10039F2C8 /* Assets.xcassets */; };
		A420E01B261724D10039F2C8 /* LaunchScreen.storyboard in Resources */ = {isa = PBXBuildFile; fileRef = A420E019261724D10039F2C8 /* LaunchScreen.storyboard */; };
		A420E026261724D10039F2C8 /* Dangun_LegendTests.swift in Sources */ = {isa = PBXBuildFile; fileRef = A420E025261724D10039F2C8 /* Dangun_LegendTests.swift */; };
		A420E031261724D10039F2C8 /* Dangun_LegendUITests.swift in Sources */ = {isa = PBXBuildFile; fileRef = A420E030261724D10039F2C8 /* Dangun_LegendUITests.swift */; };
		A4FA2617276F2297003FAD8E /* SingleCaveView.swift in Sources */ = {isa = PBXBuildFile; fileRef = A4FA2616276F2297003FAD8E /* SingleCaveView.swift */; };
		A4FA2619276F248D003FAD8E /* Cave_Lights.gif in Resources */ = {isa = PBXBuildFile; fileRef = A4FA2618276F248D003FAD8E /* Cave_Lights.gif */; };
		AA2A672B276C0D7A00DAB530 /* UIColour+Extension.swift in Sources */ = {isa = PBXBuildFile; fileRef = AA2A672A276C0D7A00DAB530 /* UIColour+Extension.swift */; };
		AA2A672D276C1DF300DAB530 /* Constants.swift in Sources */ = {isa = PBXBuildFile; fileRef = AA2A672C276C1DF300DAB530 /* Constants.swift */; };
		AA2A672F276C23E600DAB530 /* UITabbar+Extenstions.swift in Sources */ = {isa = PBXBuildFile; fileRef = AA2A672E276C23E600DAB530 /* UITabbar+Extenstions.swift */; };
		AA2A6731276C262600DAB530 /* DangunMainViewController.swift in Sources */ = {isa = PBXBuildFile; fileRef = AA2A6730276C262600DAB530 /* DangunMainViewController.swift */; };
		AA2A6733276C2C1C00DAB530 /* UIImage+Extension.swift in Sources */ = {isa = PBXBuildFile; fileRef = AA2A6732276C2C1C00DAB530 /* UIImage+Extension.swift */; };
		AA2A6735276C2FB200DAB530 /* UISegment- +extension.swift in Sources */ = {isa = PBXBuildFile; fileRef = AA2A6734276C2FB200DAB530 /* UISegment- +extension.swift */; };
		AA2A6739276C665600DAB530 /* Date+Extension.swift in Sources */ = {isa = PBXBuildFile; fileRef = AA2A6738276C665600DAB530 /* Date+Extension.swift */; };
		AA69ADC6276806A000906436 /* CaveViewController.swift in Sources */ = {isa = PBXBuildFile; fileRef = AA69ADC5276806A000906436 /* CaveViewController.swift */; };
		AA69ADCA2768076A00906436 /* PeopleViewController.swift in Sources */ = {isa = PBXBuildFile; fileRef = AA69ADC92768076A00906436 /* PeopleViewController.swift */; };
		AA69ADCC276818DC00906436 /* UIFont+Extension.swift in Sources */ = {isa = PBXBuildFile; fileRef = AA69ADCB276818DC00906436 /* UIFont+Extension.swift */; };
		AA69AE052768195400906436 /* SF-Pro-Display-Thin.otf in Resources */ = {isa = PBXBuildFile; fileRef = AA69ADF32768195400906436 /* SF-Pro-Display-Thin.otf */; };
		AA69AE062768195400906436 /* SF-Pro-Display-SemiboldItalic.otf in Resources */ = {isa = PBXBuildFile; fileRef = AA69ADF42768195400906436 /* SF-Pro-Display-SemiboldItalic.otf */; };
		AA69AE072768195400906436 /* SF-Pro-Display-RegularItalic.otf in Resources */ = {isa = PBXBuildFile; fileRef = AA69ADF52768195400906436 /* SF-Pro-Display-RegularItalic.otf */; };
		AA69AE082768195400906436 /* SF-Pro-Display-Light.otf in Resources */ = {isa = PBXBuildFile; fileRef = AA69ADF62768195400906436 /* SF-Pro-Display-Light.otf */; };
		AA69AE092768195400906436 /* SF-Pro-Display-Regular.otf in Resources */ = {isa = PBXBuildFile; fileRef = AA69ADF72768195400906436 /* SF-Pro-Display-Regular.otf */; };
		AA69AE0A2768195400906436 /* SF-Pro-Display-Bold.otf in Resources */ = {isa = PBXBuildFile; fileRef = AA69ADF82768195400906436 /* SF-Pro-Display-Bold.otf */; };
		AA69AE0B2768195400906436 /* SF-Pro-Display-Medium.otf in Resources */ = {isa = PBXBuildFile; fileRef = AA69ADF92768195400906436 /* SF-Pro-Display-Medium.otf */; };
		AA69AE0C2768195400906436 /* SF-Pro-Display-Heavy.otf in Resources */ = {isa = PBXBuildFile; fileRef = AA69ADFA2768195400906436 /* SF-Pro-Display-Heavy.otf */; };
		AA69AE0D2768195400906436 /* SF-Pro-Display-Semibold.otf in Resources */ = {isa = PBXBuildFile; fileRef = AA69ADFB2768195400906436 /* SF-Pro-Display-Semibold.otf */; };
		AA69AE0E2768195400906436 /* SF-Pro-Display-MediumItalic.otf in Resources */ = {isa = PBXBuildFile; fileRef = AA69ADFC2768195400906436 /* SF-Pro-Display-MediumItalic.otf */; };
		AA69AE0F2768195400906436 /* SF-Pro-Display-HeavyItalic.otf in Resources */ = {isa = PBXBuildFile; fileRef = AA69ADFD2768195400906436 /* SF-Pro-Display-HeavyItalic.otf */; };
		AA69AE102768195400906436 /* SF-Pro-Display-Ultralight.otf in Resources */ = {isa = PBXBuildFile; fileRef = AA69ADFE2768195400906436 /* SF-Pro-Display-Ultralight.otf */; };
		AA69AE112768195400906436 /* SF-Pro-Display-UltralightItalic.otf in Resources */ = {isa = PBXBuildFile; fileRef = AA69ADFF2768195400906436 /* SF-Pro-Display-UltralightItalic.otf */; };
		AA69AE122768195400906436 /* SF-Pro-Display-LightItalic.otf in Resources */ = {isa = PBXBuildFile; fileRef = AA69AE002768195400906436 /* SF-Pro-Display-LightItalic.otf */; };
		AA69AE132768195400906436 /* SF-Pro-Display-BlackItalic.otf in Resources */ = {isa = PBXBuildFile; fileRef = AA69AE012768195400906436 /* SF-Pro-Display-BlackItalic.otf */; };
		AA69AE142768195400906436 /* SF-Pro-Display-Black.otf in Resources */ = {isa = PBXBuildFile; fileRef = AA69AE022768195400906436 /* SF-Pro-Display-Black.otf */; };
		AA69AE152768195400906436 /* SF-Pro-Display-ThinItalic.otf in Resources */ = {isa = PBXBuildFile; fileRef = AA69AE032768195400906436 /* SF-Pro-Display-ThinItalic.otf */; };
		AA69AE162768195400906436 /* SF-Pro-Display-BoldItalic.otf in Resources */ = {isa = PBXBuildFile; fileRef = AA69AE042768195400906436 /* SF-Pro-Display-BoldItalic.otf */; };
		AA69AE182768205400906436 /* CaveMainScrollView.swift in Sources */ = {isa = PBXBuildFile; fileRef = AA69AE172768205400906436 /* CaveMainScrollView.swift */; };
		AAC5E89927687FCE0031AF80 /* Numeric+Extension.swift in Sources */ = {isa = PBXBuildFile; fileRef = AAC5E89827687FCE0031AF80 /* Numeric+Extension.swift */; };
/* End PBXBuildFile section */

/* Begin PBXContainerItemProxy section */
		A420E022261724D10039F2C8 /* PBXContainerItemProxy */ = {
			isa = PBXContainerItemProxy;
			containerPortal = A420E003261724D00039F2C8 /* Project object */;
			proxyType = 1;
			remoteGlobalIDString = A420E00A261724D00039F2C8;
			remoteInfo = "Dangun Legend";
		};
		A420E02D261724D10039F2C8 /* PBXContainerItemProxy */ = {
			isa = PBXContainerItemProxy;
			containerPortal = A420E003261724D00039F2C8 /* Project object */;
			proxyType = 1;
			remoteGlobalIDString = A420E00A261724D00039F2C8;
			remoteInfo = "Dangun Legend";
		};
/* End PBXContainerItemProxy section */

/* Begin PBXFileReference section */
		482E835E189B783CE527223F /* Pods_Dangun_Legend.framework */ = {isa = PBXFileReference; explicitFileType = wrapper.framework; includeInIndex = 0; path = Pods_Dangun_Legend.framework; sourceTree = BUILT_PRODUCTS_DIR; };
		8552188C1427050E47DD9103 /* Pods-Dangun Legend.debug.xcconfig */ = {isa = PBXFileReference; includeInIndex = 1; lastKnownFileType = text.xcconfig; name = "Pods-Dangun Legend.debug.xcconfig"; path = "Target Support Files/Pods-Dangun Legend/Pods-Dangun Legend.debug.xcconfig"; sourceTree = "<group>"; };
		9DD87C6A75BA537906D5E6F7 /* Pods-Dangun Legend.release.xcconfig */ = {isa = PBXFileReference; includeInIndex = 1; lastKnownFileType = text.xcconfig; name = "Pods-Dangun Legend.release.xcconfig"; path = "Target Support Files/Pods-Dangun Legend/Pods-Dangun Legend.release.xcconfig"; sourceTree = "<group>"; };
		A406D2822768A59A0062EF9B /* GradientView.swift */ = {isa = PBXFileReference; lastKnownFileType = sourcecode.swift; path = GradientView.swift; sourceTree = "<group>"; };
		A406D2852768B6F30062EF9B /* CaveGoalModel.swift */ = {isa = PBXFileReference; lastKnownFileType = sourcecode.swift; path = CaveGoalModel.swift; sourceTree = "<group>"; };
		A406D28D2768D2520062EF9B /* AddGoalViewController.swift */ = {isa = PBXFileReference; lastKnownFileType = sourcecode.swift; path = AddGoalViewController.swift; sourceTree = "<group>"; };
		A40CECDC2635123800F0CAC8 /* Dangun Legend.entitlements */ = {isa = PBXFileReference; lastKnownFileType = text.plist.entitlements; path = "Dangun Legend.entitlements"; sourceTree = "<group>"; };
		A411E5012619CD970057FAD3 /* GoogleService-Info.plist */ = {isa = PBXFileReference; lastKnownFileType = text.plist.xml; name = "GoogleService-Info.plist"; path = "Dangun Legend/GoogleService-Info.plist"; sourceTree = SOURCE_ROOT; };
		A420E00B261724D00039F2C8 /* Dangun Legend.app */ = {isa = PBXFileReference; explicitFileType = wrapper.application; includeInIndex = 0; path = "Dangun Legend.app"; sourceTree = BUILT_PRODUCTS_DIR; };
		A420E00E261724D00039F2C8 /* AppDelegate.swift */ = {isa = PBXFileReference; lastKnownFileType = sourcecode.swift; path = AppDelegate.swift; sourceTree = "<group>"; };
		A420E010261724D00039F2C8 /* SceneDelegate.swift */ = {isa = PBXFileReference; lastKnownFileType = sourcecode.swift; path = SceneDelegate.swift; sourceTree = "<group>"; };
		A420E017261724D10039F2C8 /* Assets.xcassets */ = {isa = PBXFileReference; lastKnownFileType = folder.assetcatalog; name = Assets.xcassets; path = SupportingFiles/Assets.xcassets; sourceTree = "<group>"; };
		A420E01A261724D10039F2C8 /* Base */ = {isa = PBXFileReference; lastKnownFileType = file.storyboard; name = Base; path = Base.lproj/LaunchScreen.storyboard; sourceTree = "<group>"; };
		A420E01C261724D10039F2C8 /* Info.plist */ = {isa = PBXFileReference; lastKnownFileType = text.plist.xml; path = Info.plist; sourceTree = "<group>"; };
		A420E021261724D10039F2C8 /* Dangun LegendTests.xctest */ = {isa = PBXFileReference; explicitFileType = wrapper.cfbundle; includeInIndex = 0; path = "Dangun LegendTests.xctest"; sourceTree = BUILT_PRODUCTS_DIR; };
		A420E025261724D10039F2C8 /* Dangun_LegendTests.swift */ = {isa = PBXFileReference; lastKnownFileType = sourcecode.swift; path = Dangun_LegendTests.swift; sourceTree = "<group>"; };
		A420E027261724D10039F2C8 /* Info.plist */ = {isa = PBXFileReference; lastKnownFileType = text.plist.xml; path = Info.plist; sourceTree = "<group>"; };
		A420E02C261724D10039F2C8 /* Dangun LegendUITests.xctest */ = {isa = PBXFileReference; explicitFileType = wrapper.cfbundle; includeInIndex = 0; path = "Dangun LegendUITests.xctest"; sourceTree = BUILT_PRODUCTS_DIR; };
		A420E030261724D10039F2C8 /* Dangun_LegendUITests.swift */ = {isa = PBXFileReference; lastKnownFileType = sourcecode.swift; path = Dangun_LegendUITests.swift; sourceTree = "<group>"; };
		A420E032261724D10039F2C8 /* Info.plist */ = {isa = PBXFileReference; lastKnownFileType = text.plist.xml; path = Info.plist; sourceTree = "<group>"; };
		A4588E222650FEF000C432BD /* Dangun LegendRelease.entitlements */ = {isa = PBXFileReference; lastKnownFileType = text.plist.entitlements; path = "Dangun LegendRelease.entitlements"; sourceTree = "<group>"; };
		A4FA2616276F2297003FAD8E /* SingleCaveView.swift */ = {isa = PBXFileReference; lastKnownFileType = sourcecode.swift; path = SingleCaveView.swift; sourceTree = "<group>"; };
		A4FA2618276F248D003FAD8E /* Cave_Lights.gif */ = {isa = PBXFileReference; lastKnownFileType = image.gif; path = Cave_Lights.gif; sourceTree = "<group>"; };
		AA2A672A276C0D7A00DAB530 /* UIColour+Extension.swift */ = {isa = PBXFileReference; lastKnownFileType = sourcecode.swift; path = "UIColour+Extension.swift"; sourceTree = "<group>"; };
		AA2A672C276C1DF300DAB530 /* Constants.swift */ = {isa = PBXFileReference; lastKnownFileType = sourcecode.swift; path = Constants.swift; sourceTree = "<group>"; };
		AA2A672E276C23E600DAB530 /* UITabbar+Extenstions.swift */ = {isa = PBXFileReference; lastKnownFileType = sourcecode.swift; path = "UITabbar+Extenstions.swift"; sourceTree = "<group>"; };
		AA2A6730276C262600DAB530 /* DangunMainViewController.swift */ = {isa = PBXFileReference; lastKnownFileType = sourcecode.swift; path = DangunMainViewController.swift; sourceTree = "<group>"; };
		AA2A6732276C2C1C00DAB530 /* UIImage+Extension.swift */ = {isa = PBXFileReference; lastKnownFileType = sourcecode.swift; path = "UIImage+Extension.swift"; sourceTree = "<group>"; };
		AA2A6734276C2FB200DAB530 /* UISegment- +extension.swift */ = {isa = PBXFileReference; lastKnownFileType = sourcecode.swift; path = "UISegment- +extension.swift"; sourceTree = "<group>"; };
		AA2A6738276C665600DAB530 /* Date+Extension.swift */ = {isa = PBXFileReference; lastKnownFileType = sourcecode.swift; path = "Date+Extension.swift"; sourceTree = "<group>"; };
		AA69ADC5276806A000906436 /* CaveViewController.swift */ = {isa = PBXFileReference; lastKnownFileType = sourcecode.swift; path = CaveViewController.swift; sourceTree = "<group>"; };
		AA69ADC92768076A00906436 /* PeopleViewController.swift */ = {isa = PBXFileReference; lastKnownFileType = sourcecode.swift; path = PeopleViewController.swift; sourceTree = "<group>"; };
		AA69ADCB276818DC00906436 /* UIFont+Extension.swift */ = {isa = PBXFileReference; lastKnownFileType = sourcecode.swift; path = "UIFont+Extension.swift"; sourceTree = "<group>"; };
		AA69ADF32768195400906436 /* SF-Pro-Display-Thin.otf */ = {isa = PBXFileReference; lastKnownFileType = file; path = "SF-Pro-Display-Thin.otf"; sourceTree = "<group>"; };
		AA69ADF42768195400906436 /* SF-Pro-Display-SemiboldItalic.otf */ = {isa = PBXFileReference; lastKnownFileType = file; path = "SF-Pro-Display-SemiboldItalic.otf"; sourceTree = "<group>"; };
		AA69ADF52768195400906436 /* SF-Pro-Display-RegularItalic.otf */ = {isa = PBXFileReference; lastKnownFileType = file; path = "SF-Pro-Display-RegularItalic.otf"; sourceTree = "<group>"; };
		AA69ADF62768195400906436 /* SF-Pro-Display-Light.otf */ = {isa = PBXFileReference; lastKnownFileType = file; path = "SF-Pro-Display-Light.otf"; sourceTree = "<group>"; };
		AA69ADF72768195400906436 /* SF-Pro-Display-Regular.otf */ = {isa = PBXFileReference; lastKnownFileType = file; path = "SF-Pro-Display-Regular.otf"; sourceTree = "<group>"; };
		AA69ADF82768195400906436 /* SF-Pro-Display-Bold.otf */ = {isa = PBXFileReference; lastKnownFileType = file; path = "SF-Pro-Display-Bold.otf"; sourceTree = "<group>"; };
		AA69ADF92768195400906436 /* SF-Pro-Display-Medium.otf */ = {isa = PBXFileReference; lastKnownFileType = file; path = "SF-Pro-Display-Medium.otf"; sourceTree = "<group>"; };
		AA69ADFA2768195400906436 /* SF-Pro-Display-Heavy.otf */ = {isa = PBXFileReference; lastKnownFileType = file; path = "SF-Pro-Display-Heavy.otf"; sourceTree = "<group>"; };
		AA69ADFB2768195400906436 /* SF-Pro-Display-Semibold.otf */ = {isa = PBXFileReference; lastKnownFileType = file; path = "SF-Pro-Display-Semibold.otf"; sourceTree = "<group>"; };
		AA69ADFC2768195400906436 /* SF-Pro-Display-MediumItalic.otf */ = {isa = PBXFileReference; lastKnownFileType = file; path = "SF-Pro-Display-MediumItalic.otf"; sourceTree = "<group>"; };
		AA69ADFD2768195400906436 /* SF-Pro-Display-HeavyItalic.otf */ = {isa = PBXFileReference; lastKnownFileType = file; path = "SF-Pro-Display-HeavyItalic.otf"; sourceTree = "<group>"; };
		AA69ADFE2768195400906436 /* SF-Pro-Display-Ultralight.otf */ = {isa = PBXFileReference; lastKnownFileType = file; path = "SF-Pro-Display-Ultralight.otf"; sourceTree = "<group>"; };
		AA69ADFF2768195400906436 /* SF-Pro-Display-UltralightItalic.otf */ = {isa = PBXFileReference; lastKnownFileType = file; path = "SF-Pro-Display-UltralightItalic.otf"; sourceTree = "<group>"; };
		AA69AE002768195400906436 /* SF-Pro-Display-LightItalic.otf */ = {isa = PBXFileReference; lastKnownFileType = file; path = "SF-Pro-Display-LightItalic.otf"; sourceTree = "<group>"; };
		AA69AE012768195400906436 /* SF-Pro-Display-BlackItalic.otf */ = {isa = PBXFileReference; lastKnownFileType = file; path = "SF-Pro-Display-BlackItalic.otf"; sourceTree = "<group>"; };
		AA69AE022768195400906436 /* SF-Pro-Display-Black.otf */ = {isa = PBXFileReference; lastKnownFileType = file; path = "SF-Pro-Display-Black.otf"; sourceTree = "<group>"; };
		AA69AE032768195400906436 /* SF-Pro-Display-ThinItalic.otf */ = {isa = PBXFileReference; lastKnownFileType = file; path = "SF-Pro-Display-ThinItalic.otf"; sourceTree = "<group>"; };
		AA69AE042768195400906436 /* SF-Pro-Display-BoldItalic.otf */ = {isa = PBXFileReference; lastKnownFileType = file; path = "SF-Pro-Display-BoldItalic.otf"; sourceTree = "<group>"; };
		AA69AE172768205400906436 /* CaveMainScrollView.swift */ = {isa = PBXFileReference; lastKnownFileType = sourcecode.swift; path = CaveMainScrollView.swift; sourceTree = "<group>"; };
		AAC5E89827687FCE0031AF80 /* Numeric+Extension.swift */ = {isa = PBXFileReference; lastKnownFileType = sourcecode.swift; path = "Numeric+Extension.swift"; sourceTree = "<group>"; };
/* End PBXFileReference section */

/* Begin PBXFrameworksBuildPhase section */
		A420E008261724D00039F2C8 /* Frameworks */ = {
			isa = PBXFrameworksBuildPhase;
			buildActionMask = 2147483647;
			files = (
				0CED58BDF824657E973F7047 /* Pods_Dangun_Legend.framework in Frameworks */,
			);
			runOnlyForDeploymentPostprocessing = 0;
		};
		A420E01E261724D10039F2C8 /* Frameworks */ = {
			isa = PBXFrameworksBuildPhase;
			buildActionMask = 2147483647;
			files = (
			);
			runOnlyForDeploymentPostprocessing = 0;
		};
		A420E029261724D10039F2C8 /* Frameworks */ = {
			isa = PBXFrameworksBuildPhase;
			buildActionMask = 2147483647;
			files = (
			);
			runOnlyForDeploymentPostprocessing = 0;
		};
/* End PBXFrameworksBuildPhase section */

/* Begin PBXGroup section */
		848D69738083FBEDF69790EB /* Frameworks */ = {
			isa = PBXGroup;
			children = (
				482E835E189B783CE527223F /* Pods_Dangun_Legend.framework */,
			);
			name = Frameworks;
			sourceTree = "<group>";
		};
		A406D2842768B6E60062EF9B /* Model */ = {
			isa = PBXGroup;
			children = (
				A406D2852768B6F30062EF9B /* CaveGoalModel.swift */,
			);
			path = Model;
			sourceTree = "<group>";
		};
		A406D2882768CA0C0062EF9B /* Supports */ = {
			isa = PBXGroup;
			children = (
				AA2A672C276C1DF300DAB530 /* Constants.swift */,
			);
			path = Supports;
			sourceTree = "<group>";
		};
		A420E002261724D00039F2C8 = {
			isa = PBXGroup;
			children = (
				A420E00D261724D00039F2C8 /* Dangun Legend */,
				A420E024261724D10039F2C8 /* Dangun LegendTests */,
				A420E02F261724D10039F2C8 /* Dangun LegendUITests */,
				A420E00C261724D00039F2C8 /* Products */,
				F8104C9A3DD1E56C3F0249D6 /* Pods */,
				848D69738083FBEDF69790EB /* Frameworks */,
			);
			sourceTree = "<group>";
		};
		A420E00C261724D00039F2C8 /* Products */ = {
			isa = PBXGroup;
			children = (
				A420E00B261724D00039F2C8 /* Dangun Legend.app */,
				A420E021261724D10039F2C8 /* Dangun LegendTests.xctest */,
				A420E02C261724D10039F2C8 /* Dangun LegendUITests.xctest */,
			);
			name = Products;
			sourceTree = "<group>";
		};
		A420E00D261724D00039F2C8 /* Dangun Legend */ = {
			isa = PBXGroup;
			children = (
				A420E00E261724D00039F2C8 /* AppDelegate.swift */,
				A420E010261724D00039F2C8 /* SceneDelegate.swift */,
				AA2A6730276C262600DAB530 /* DangunMainViewController.swift */,
				A4FA2618276F248D003FAD8E /* Cave_Lights.gif */,
				A406D2882768CA0C0062EF9B /* Supports */,
				AA69ADC12768056400906436 /* [Cave] */,
				AA69ADC42768061B00906436 /* [People] */,
				AA69ADC22768056A00906436 /* Extensions */,
				A420E01C261724D10039F2C8 /* Info.plist */,
				A411E5012619CD970057FAD3 /* GoogleService-Info.plist */,
				AA69ADF22768195400906436 /* [Fonts] SF-Pro-Display */,
				A420E017261724D10039F2C8 /* Assets.xcassets */,
				A420E019261724D10039F2C8 /* LaunchScreen.storyboard */,
				A40CECDC2635123800F0CAC8 /* Dangun Legend.entitlements */,
				A4588E222650FEF000C432BD /* Dangun LegendRelease.entitlements */,
			);
			path = "Dangun Legend";
			sourceTree = "<group>";
		};
		A420E024261724D10039F2C8 /* Dangun LegendTests */ = {
			isa = PBXGroup;
			children = (
				A420E025261724D10039F2C8 /* Dangun_LegendTests.swift */,
				A420E027261724D10039F2C8 /* Info.plist */,
			);
			path = "Dangun LegendTests";
			sourceTree = "<group>";
		};
		A420E02F261724D10039F2C8 /* Dangun LegendUITests */ = {
			isa = PBXGroup;
			children = (
				A420E030261724D10039F2C8 /* Dangun_LegendUITests.swift */,
				A420E032261724D10039F2C8 /* Info.plist */,
			);
			path = "Dangun LegendUITests";
			sourceTree = "<group>";
		};
		A4AC23B0276E147E00E631B7 /* SubViews */ = {
			isa = PBXGroup;
			children = (
				AA69AE172768205400906436 /* CaveMainScrollView.swift */,
				A406D2822768A59A0062EF9B /* GradientView.swift */,
			);
			path = SubViews;
			sourceTree = "<group>";
		};
		AA69ADC12768056400906436 /* [Cave] */ = {
			isa = PBXGroup;
			children = (
				A406D2842768B6E60062EF9B /* Model */,
				AA69AE192768218A00906436 /* View */,
				AA69AE1A2768219100906436 /* Cell */,
			);
			path = "[Cave]";
			sourceTree = "<group>";
		};
		AA69ADC22768056A00906436 /* Extensions */ = {
			isa = PBXGroup;
			children = (
				AA69ADCB276818DC00906436 /* UIFont+Extension.swift */,
				AAC5E89827687FCE0031AF80 /* Numeric+Extension.swift */,
				AA2A672A276C0D7A00DAB530 /* UIColour+Extension.swift */,
				AA2A672E276C23E600DAB530 /* UITabbar+Extenstions.swift */,
				AA2A6732276C2C1C00DAB530 /* UIImage+Extension.swift */,
				AA2A6734276C2FB200DAB530 /* UISegment- +extension.swift */,
				AA2A6738276C665600DAB530 /* Date+Extension.swift */,
			);
			path = Extensions;
			sourceTree = "<group>";
		};
		AA69ADC42768061B00906436 /* [People] */ = {
			isa = PBXGroup;
			children = (
				AA69ADC92768076A00906436 /* PeopleViewController.swift */,
			);
			path = "[People]";
			sourceTree = "<group>";
		};
		AA69ADF22768195400906436 /* [Fonts] SF-Pro-Display */ = {
			isa = PBXGroup;
			children = (
				AA69ADF32768195400906436 /* SF-Pro-Display-Thin.otf */,
				AA69ADF42768195400906436 /* SF-Pro-Display-SemiboldItalic.otf */,
				AA69ADF52768195400906436 /* SF-Pro-Display-RegularItalic.otf */,
				AA69ADF62768195400906436 /* SF-Pro-Display-Light.otf */,
				AA69ADF72768195400906436 /* SF-Pro-Display-Regular.otf */,
				AA69ADF82768195400906436 /* SF-Pro-Display-Bold.otf */,
				AA69ADF92768195400906436 /* SF-Pro-Display-Medium.otf */,
				AA69ADFA2768195400906436 /* SF-Pro-Display-Heavy.otf */,
				AA69ADFB2768195400906436 /* SF-Pro-Display-Semibold.otf */,
				AA69ADFC2768195400906436 /* SF-Pro-Display-MediumItalic.otf */,
				AA69ADFD2768195400906436 /* SF-Pro-Display-HeavyItalic.otf */,
				AA69ADFE2768195400906436 /* SF-Pro-Display-Ultralight.otf */,
				AA69ADFF2768195400906436 /* SF-Pro-Display-UltralightItalic.otf */,
				AA69AE002768195400906436 /* SF-Pro-Display-LightItalic.otf */,
				AA69AE012768195400906436 /* SF-Pro-Display-BlackItalic.otf */,
				AA69AE022768195400906436 /* SF-Pro-Display-Black.otf */,
				AA69AE032768195400906436 /* SF-Pro-Display-ThinItalic.otf */,
				AA69AE042768195400906436 /* SF-Pro-Display-BoldItalic.otf */,
			);
			path = "[Fonts] SF-Pro-Display";
			sourceTree = "<group>";
		};
		AA69AE192768218A00906436 /* View */ = {
			isa = PBXGroup;
			children = (
				AA69ADC5276806A000906436 /* CaveViewController.swift */,
				A406D28D2768D2520062EF9B /* AddGoalViewController.swift */,
				A4AC23B0276E147E00E631B7 /* SubViews */,
			);
			path = View;
			sourceTree = "<group>";
		};
		AA69AE1A2768219100906436 /* Cell */ = {
			isa = PBXGroup;
			children = (
				A4FA2616276F2297003FAD8E /* SingleCaveView.swift */,
			);
			path = Cell;
			sourceTree = "<group>";
		};
		F8104C9A3DD1E56C3F0249D6 /* Pods */ = {
			isa = PBXGroup;
			children = (
				8552188C1427050E47DD9103 /* Pods-Dangun Legend.debug.xcconfig */,
				9DD87C6A75BA537906D5E6F7 /* Pods-Dangun Legend.release.xcconfig */,
			);
			path = Pods;
			sourceTree = "<group>";
		};
/* End PBXGroup section */

/* Begin PBXNativeTarget section */
		A420E00A261724D00039F2C8 /* Dangun Legend */ = {
			isa = PBXNativeTarget;
			buildConfigurationList = A420E035261724D10039F2C8 /* Build configuration list for PBXNativeTarget "Dangun Legend" */;
			buildPhases = (
				D386145AD40D4FD102316769 /* [CP] Check Pods Manifest.lock */,
				A420E007261724D00039F2C8 /* Sources */,
				A420E008261724D00039F2C8 /* Frameworks */,
				A420E009261724D00039F2C8 /* Resources */,
				C84D3D49CCC5BD94685794BC /* [CP] Embed Pods Frameworks */,
			);
			buildRules = (
			);
			dependencies = (
			);
			name = "Dangun Legend";
			productName = "Dangun Legend";
			productReference = A420E00B261724D00039F2C8 /* Dangun Legend.app */;
			productType = "com.apple.product-type.application";
		};
		A420E020261724D10039F2C8 /* Dangun LegendTests */ = {
			isa = PBXNativeTarget;
			buildConfigurationList = A420E038261724D10039F2C8 /* Build configuration list for PBXNativeTarget "Dangun LegendTests" */;
			buildPhases = (
				A420E01D261724D10039F2C8 /* Sources */,
				A420E01E261724D10039F2C8 /* Frameworks */,
				A420E01F261724D10039F2C8 /* Resources */,
			);
			buildRules = (
			);
			dependencies = (
				A420E023261724D10039F2C8 /* PBXTargetDependency */,
			);
			name = "Dangun LegendTests";
			productName = "Dangun LegendTests";
			productReference = A420E021261724D10039F2C8 /* Dangun LegendTests.xctest */;
			productType = "com.apple.product-type.bundle.unit-test";
		};
		A420E02B261724D10039F2C8 /* Dangun LegendUITests */ = {
			isa = PBXNativeTarget;
			buildConfigurationList = A420E03B261724D10039F2C8 /* Build configuration list for PBXNativeTarget "Dangun LegendUITests" */;
			buildPhases = (
				A420E028261724D10039F2C8 /* Sources */,
				A420E029261724D10039F2C8 /* Frameworks */,
				A420E02A261724D10039F2C8 /* Resources */,
			);
			buildRules = (
			);
			dependencies = (
				A420E02E261724D10039F2C8 /* PBXTargetDependency */,
			);
			name = "Dangun LegendUITests";
			productName = "Dangun LegendUITests";
			productReference = A420E02C261724D10039F2C8 /* Dangun LegendUITests.xctest */;
			productType = "com.apple.product-type.bundle.ui-testing";
		};
/* End PBXNativeTarget section */

/* Begin PBXProject section */
		A420E003261724D00039F2C8 /* Project object */ = {
			isa = PBXProject;
			attributes = {
				LastSwiftUpdateCheck = 1240;
				LastUpgradeCheck = 1240;
				TargetAttributes = {
					A420E00A261724D00039F2C8 = {
						CreatedOnToolsVersion = 12.4;
					};
					A420E020261724D10039F2C8 = {
						CreatedOnToolsVersion = 12.4;
						TestTargetID = A420E00A261724D00039F2C8;
					};
					A420E02B261724D10039F2C8 = {
						CreatedOnToolsVersion = 12.4;
						TestTargetID = A420E00A261724D00039F2C8;
					};
				};
			};
			buildConfigurationList = A420E006261724D00039F2C8 /* Build configuration list for PBXProject "Dangun Legend" */;
			compatibilityVersion = "Xcode 9.3";
			developmentRegion = en;
			hasScannedForEncodings = 0;
			knownRegions = (
				en,
				Base,
			);
			mainGroup = A420E002261724D00039F2C8;
			productRefGroup = A420E00C261724D00039F2C8 /* Products */;
			projectDirPath = "";
			projectRoot = "";
			targets = (
				A420E00A261724D00039F2C8 /* Dangun Legend */,
				A420E020261724D10039F2C8 /* Dangun LegendTests */,
				A420E02B261724D10039F2C8 /* Dangun LegendUITests */,
			);
		};
/* End PBXProject section */

/* Begin PBXResourcesBuildPhase section */
		A420E009261724D00039F2C8 /* Resources */ = {
			isa = PBXResourcesBuildPhase;
			buildActionMask = 2147483647;
			files = (
				AA69AE0D2768195400906436 /* SF-Pro-Display-Semibold.otf in Resources */,
				AA69AE082768195400906436 /* SF-Pro-Display-Light.otf in Resources */,
				AA69AE0C2768195400906436 /* SF-Pro-Display-Heavy.otf in Resources */,
				AA69AE052768195400906436 /* SF-Pro-Display-Thin.otf in Resources */,
				A4FA2619276F248D003FAD8E /* Cave_Lights.gif in Resources */,
				AA69AE0A2768195400906436 /* SF-Pro-Display-Bold.otf in Resources */,
				AA69AE092768195400906436 /* SF-Pro-Display-Regular.otf in Resources */,
				AA69AE0E2768195400906436 /* SF-Pro-Display-MediumItalic.otf in Resources */,
				AA69AE0B2768195400906436 /* SF-Pro-Display-Medium.otf in Resources */,
				AA69AE152768195400906436 /* SF-Pro-Display-ThinItalic.otf in Resources */,
				AA69AE162768195400906436 /* SF-Pro-Display-BoldItalic.otf in Resources */,
				A420E01B261724D10039F2C8 /* LaunchScreen.storyboard in Resources */,
				AA69AE0F2768195400906436 /* SF-Pro-Display-HeavyItalic.otf in Resources */,
				AA69AE072768195400906436 /* SF-Pro-Display-RegularItalic.otf in Resources */,
				AA69AE142768195400906436 /* SF-Pro-Display-Black.otf in Resources */,
				A411E5022619CD970057FAD3 /* GoogleService-Info.plist in Resources */,
				AA69AE102768195400906436 /* SF-Pro-Display-Ultralight.otf in Resources */,
				AA69AE132768195400906436 /* SF-Pro-Display-BlackItalic.otf in Resources */,
				A420E018261724D10039F2C8 /* Assets.xcassets in Resources */,
				AA69AE062768195400906436 /* SF-Pro-Display-SemiboldItalic.otf in Resources */,
				AA69AE122768195400906436 /* SF-Pro-Display-LightItalic.otf in Resources */,
				AA69AE112768195400906436 /* SF-Pro-Display-UltralightItalic.otf in Resources */,
			);
			runOnlyForDeploymentPostprocessing = 0;
		};
		A420E01F261724D10039F2C8 /* Resources */ = {
			isa = PBXResourcesBuildPhase;
			buildActionMask = 2147483647;
			files = (
			);
			runOnlyForDeploymentPostprocessing = 0;
		};
		A420E02A261724D10039F2C8 /* Resources */ = {
			isa = PBXResourcesBuildPhase;
			buildActionMask = 2147483647;
			files = (
			);
			runOnlyForDeploymentPostprocessing = 0;
		};
/* End PBXResourcesBuildPhase section */

/* Begin PBXShellScriptBuildPhase section */
		C84D3D49CCC5BD94685794BC /* [CP] Embed Pods Frameworks */ = {
			isa = PBXShellScriptBuildPhase;
			buildActionMask = 2147483647;
			files = (
			);
			inputFileListPaths = (
				"${PODS_ROOT}/Target Support Files/Pods-Dangun Legend/Pods-Dangun Legend-frameworks-${CONFIGURATION}-input-files.xcfilelist",
			);
			name = "[CP] Embed Pods Frameworks";
			outputFileListPaths = (
				"${PODS_ROOT}/Target Support Files/Pods-Dangun Legend/Pods-Dangun Legend-frameworks-${CONFIGURATION}-output-files.xcfilelist",
			);
			runOnlyForDeploymentPostprocessing = 0;
			shellPath = /bin/sh;
			shellScript = "\"${PODS_ROOT}/Target Support Files/Pods-Dangun Legend/Pods-Dangun Legend-frameworks.sh\"\n";
			showEnvVarsInLog = 0;
		};
		D386145AD40D4FD102316769 /* [CP] Check Pods Manifest.lock */ = {
			isa = PBXShellScriptBuildPhase;
			buildActionMask = 2147483647;
			files = (
			);
			inputFileListPaths = (
			);
			inputPaths = (
				"${PODS_PODFILE_DIR_PATH}/Podfile.lock",
				"${PODS_ROOT}/Manifest.lock",
			);
			name = "[CP] Check Pods Manifest.lock";
			outputFileListPaths = (
			);
			outputPaths = (
				"$(DERIVED_FILE_DIR)/Pods-Dangun Legend-checkManifestLockResult.txt",
			);
			runOnlyForDeploymentPostprocessing = 0;
			shellPath = /bin/sh;
			shellScript = "diff \"${PODS_PODFILE_DIR_PATH}/Podfile.lock\" \"${PODS_ROOT}/Manifest.lock\" > /dev/null\nif [ $? != 0 ] ; then\n    # print error to STDERR\n    echo \"error: The sandbox is not in sync with the Podfile.lock. Run 'pod install' or update your CocoaPods installation.\" >&2\n    exit 1\nfi\n# This output is used by Xcode 'outputs' to avoid re-running this script phase.\necho \"SUCCESS\" > \"${SCRIPT_OUTPUT_FILE_0}\"\n";
			showEnvVarsInLog = 0;
		};
/* End PBXShellScriptBuildPhase section */

/* Begin PBXSourcesBuildPhase section */
		A420E007261724D00039F2C8 /* Sources */ = {
			isa = PBXSourcesBuildPhase;
			buildActionMask = 2147483647;
			files = (
				AA69ADCA2768076A00906436 /* PeopleViewController.swift in Sources */,
				AA2A672F276C23E600DAB530 /* UITabbar+Extenstions.swift in Sources */,
				AA69ADC6276806A000906436 /* CaveViewController.swift in Sources */,
				AA69AE182768205400906436 /* CaveMainScrollView.swift in Sources */,
				A406D2862768B6F30062EF9B /* CaveGoalModel.swift in Sources */,
				AAC5E89927687FCE0031AF80 /* Numeric+Extension.swift in Sources */,
				A420E00F261724D00039F2C8 /* AppDelegate.swift in Sources */,
				AA2A6735276C2FB200DAB530 /* UISegment- +extension.swift in Sources */,
				AA2A672D276C1DF300DAB530 /* Constants.swift in Sources */,
				A4FA2617276F2297003FAD8E /* SingleCaveView.swift in Sources */,
				AA2A672B276C0D7A00DAB530 /* UIColour+Extension.swift in Sources */,
				AA69ADCC276818DC00906436 /* UIFont+Extension.swift in Sources */,
				AA2A6731276C262600DAB530 /* DangunMainViewController.swift in Sources */,
				A406D28E2768D2530062EF9B /* AddGoalViewController.swift in Sources */,
				A420E011261724D00039F2C8 /* SceneDelegate.swift in Sources */,
				A406D2832768A59A0062EF9B /* GradientView.swift in Sources */,
				AA2A6733276C2C1C00DAB530 /* UIImage+Extension.swift in Sources */,
				AA2A6739276C665600DAB530 /* Date+Extension.swift in Sources */,
			);
			runOnlyForDeploymentPostprocessing = 0;
		};
		A420E01D261724D10039F2C8 /* Sources */ = {
			isa = PBXSourcesBuildPhase;
			buildActionMask = 2147483647;
			files = (
				A420E026261724D10039F2C8 /* Dangun_LegendTests.swift in Sources */,
			);
			runOnlyForDeploymentPostprocessing = 0;
		};
		A420E028261724D10039F2C8 /* Sources */ = {
			isa = PBXSourcesBuildPhase;
			buildActionMask = 2147483647;
			files = (
				A420E031261724D10039F2C8 /* Dangun_LegendUITests.swift in Sources */,
			);
			runOnlyForDeploymentPostprocessing = 0;
		};
/* End PBXSourcesBuildPhase section */

/* Begin PBXTargetDependency section */
		A420E023261724D10039F2C8 /* PBXTargetDependency */ = {
			isa = PBXTargetDependency;
			target = A420E00A261724D00039F2C8 /* Dangun Legend */;
			targetProxy = A420E022261724D10039F2C8 /* PBXContainerItemProxy */;
		};
		A420E02E261724D10039F2C8 /* PBXTargetDependency */ = {
			isa = PBXTargetDependency;
			target = A420E00A261724D00039F2C8 /* Dangun Legend */;
			targetProxy = A420E02D261724D10039F2C8 /* PBXContainerItemProxy */;
		};
/* End PBXTargetDependency section */

/* Begin PBXVariantGroup section */
		A420E019261724D10039F2C8 /* LaunchScreen.storyboard */ = {
			isa = PBXVariantGroup;
			children = (
				A420E01A261724D10039F2C8 /* Base */,
			);
			name = LaunchScreen.storyboard;
			sourceTree = "<group>";
		};
/* End PBXVariantGroup section */

/* Begin XCBuildConfiguration section */
		A420E033261724D10039F2C8 /* Debug */ = {
			isa = XCBuildConfiguration;
			buildSettings = {
				ALWAYS_SEARCH_USER_PATHS = NO;
				CLANG_ANALYZER_NONNULL = YES;
				CLANG_ANALYZER_NUMBER_OBJECT_CONVERSION = YES_AGGRESSIVE;
				CLANG_CXX_LANGUAGE_STANDARD = "gnu++14";
				CLANG_CXX_LIBRARY = "libc++";
				CLANG_ENABLE_MODULES = YES;
				CLANG_ENABLE_OBJC_ARC = YES;
				CLANG_ENABLE_OBJC_WEAK = YES;
				CLANG_WARN_BLOCK_CAPTURE_AUTORELEASING = YES;
				CLANG_WARN_BOOL_CONVERSION = YES;
				CLANG_WARN_COMMA = YES;
				CLANG_WARN_CONSTANT_CONVERSION = YES;
				CLANG_WARN_DEPRECATED_OBJC_IMPLEMENTATIONS = YES;
				CLANG_WARN_DIRECT_OBJC_ISA_USAGE = YES_ERROR;
				CLANG_WARN_DOCUMENTATION_COMMENTS = YES;
				CLANG_WARN_EMPTY_BODY = YES;
				CLANG_WARN_ENUM_CONVERSION = YES;
				CLANG_WARN_INFINITE_RECURSION = YES;
				CLANG_WARN_INT_CONVERSION = YES;
				CLANG_WARN_NON_LITERAL_NULL_CONVERSION = YES;
				CLANG_WARN_OBJC_IMPLICIT_RETAIN_SELF = YES;
				CLANG_WARN_OBJC_LITERAL_CONVERSION = YES;
				CLANG_WARN_OBJC_ROOT_CLASS = YES_ERROR;
				CLANG_WARN_QUOTED_INCLUDE_IN_FRAMEWORK_HEADER = YES;
				CLANG_WARN_RANGE_LOOP_ANALYSIS = YES;
				CLANG_WARN_STRICT_PROTOTYPES = YES;
				CLANG_WARN_SUSPICIOUS_MOVE = YES;
				CLANG_WARN_UNGUARDED_AVAILABILITY = YES_AGGRESSIVE;
				CLANG_WARN_UNREACHABLE_CODE = YES;
				CLANG_WARN__DUPLICATE_METHOD_MATCH = YES;
				COPY_PHASE_STRIP = NO;
				DEBUG_INFORMATION_FORMAT = dwarf;
				ENABLE_STRICT_OBJC_MSGSEND = YES;
				ENABLE_TESTABILITY = YES;
				GCC_C_LANGUAGE_STANDARD = gnu11;
				GCC_DYNAMIC_NO_PIC = NO;
				GCC_NO_COMMON_BLOCKS = YES;
				GCC_OPTIMIZATION_LEVEL = 0;
				GCC_PREPROCESSOR_DEFINITIONS = (
					"DEBUG=1",
					"$(inherited)",
				);
				GCC_WARN_64_TO_32_BIT_CONVERSION = YES;
				GCC_WARN_ABOUT_RETURN_TYPE = YES_ERROR;
				GCC_WARN_UNDECLARED_SELECTOR = YES;
				GCC_WARN_UNINITIALIZED_AUTOS = YES_AGGRESSIVE;
				GCC_WARN_UNUSED_FUNCTION = YES;
				GCC_WARN_UNUSED_VARIABLE = YES;
				IPHONEOS_DEPLOYMENT_TARGET = 14.1;
				MTL_ENABLE_DEBUG_INFO = INCLUDE_SOURCE;
				MTL_FAST_MATH = YES;
				ONLY_ACTIVE_ARCH = YES;
				SDKROOT = iphoneos;
				SWIFT_ACTIVE_COMPILATION_CONDITIONS = DEBUG;
				SWIFT_OPTIMIZATION_LEVEL = "-Onone";
			};
			name = Debug;
		};
		A420E034261724D10039F2C8 /* Release */ = {
			isa = XCBuildConfiguration;
			buildSettings = {
				ALWAYS_SEARCH_USER_PATHS = NO;
				CLANG_ANALYZER_NONNULL = YES;
				CLANG_ANALYZER_NUMBER_OBJECT_CONVERSION = YES_AGGRESSIVE;
				CLANG_CXX_LANGUAGE_STANDARD = "gnu++14";
				CLANG_CXX_LIBRARY = "libc++";
				CLANG_ENABLE_MODULES = YES;
				CLANG_ENABLE_OBJC_ARC = YES;
				CLANG_ENABLE_OBJC_WEAK = YES;
				CLANG_WARN_BLOCK_CAPTURE_AUTORELEASING = YES;
				CLANG_WARN_BOOL_CONVERSION = YES;
				CLANG_WARN_COMMA = YES;
				CLANG_WARN_CONSTANT_CONVERSION = YES;
				CLANG_WARN_DEPRECATED_OBJC_IMPLEMENTATIONS = YES;
				CLANG_WARN_DIRECT_OBJC_ISA_USAGE = YES_ERROR;
				CLANG_WARN_DOCUMENTATION_COMMENTS = YES;
				CLANG_WARN_EMPTY_BODY = YES;
				CLANG_WARN_ENUM_CONVERSION = YES;
				CLANG_WARN_INFINITE_RECURSION = YES;
				CLANG_WARN_INT_CONVERSION = YES;
				CLANG_WARN_NON_LITERAL_NULL_CONVERSION = YES;
				CLANG_WARN_OBJC_IMPLICIT_RETAIN_SELF = YES;
				CLANG_WARN_OBJC_LITERAL_CONVERSION = YES;
				CLANG_WARN_OBJC_ROOT_CLASS = YES_ERROR;
				CLANG_WARN_QUOTED_INCLUDE_IN_FRAMEWORK_HEADER = YES;
				CLANG_WARN_RANGE_LOOP_ANALYSIS = YES;
				CLANG_WARN_STRICT_PROTOTYPES = YES;
				CLANG_WARN_SUSPICIOUS_MOVE = YES;
				CLANG_WARN_UNGUARDED_AVAILABILITY = YES_AGGRESSIVE;
				CLANG_WARN_UNREACHABLE_CODE = YES;
				CLANG_WARN__DUPLICATE_METHOD_MATCH = YES;
				COPY_PHASE_STRIP = NO;
				DEBUG_INFORMATION_FORMAT = "dwarf-with-dsym";
				ENABLE_NS_ASSERTIONS = NO;
				ENABLE_STRICT_OBJC_MSGSEND = YES;
				GCC_C_LANGUAGE_STANDARD = gnu11;
				GCC_NO_COMMON_BLOCKS = YES;
				GCC_WARN_64_TO_32_BIT_CONVERSION = YES;
				GCC_WARN_ABOUT_RETURN_TYPE = YES_ERROR;
				GCC_WARN_UNDECLARED_SELECTOR = YES;
				GCC_WARN_UNINITIALIZED_AUTOS = YES_AGGRESSIVE;
				GCC_WARN_UNUSED_FUNCTION = YES;
				GCC_WARN_UNUSED_VARIABLE = YES;
				IPHONEOS_DEPLOYMENT_TARGET = 14.1;
				MTL_ENABLE_DEBUG_INFO = NO;
				MTL_FAST_MATH = YES;
				SDKROOT = iphoneos;
				SWIFT_COMPILATION_MODE = wholemodule;
				SWIFT_OPTIMIZATION_LEVEL = "-O";
				VALIDATE_PRODUCT = YES;
			};
			name = Release;
		};
		A420E036261724D10039F2C8 /* Debug */ = {
			isa = XCBuildConfiguration;
			baseConfigurationReference = 8552188C1427050E47DD9103 /* Pods-Dangun Legend.debug.xcconfig */;
			buildSettings = {
				ASSETCATALOG_COMPILER_APPICON_NAME = AppIcon;
				ASSETCATALOG_COMPILER_GLOBAL_ACCENT_COLOR_NAME = AccentColor;
				CODE_SIGN_ENTITLEMENTS = "Dangun Legend/Dangun Legend.entitlements";
				CODE_SIGN_STYLE = Automatic;
				DEVELOPMENT_TEAM = 6TUZG6LW7U;
				INFOPLIST_FILE = "Dangun Legend/Info.plist";
				IPHONEOS_DEPLOYMENT_TARGET = 13.0;
				LD_RUNPATH_SEARCH_PATHS = (
					"$(inherited)",
					"@executable_path/Frameworks",
				);
				MARKETING_VERSION = 2.01;
				PRODUCT_BUNDLE_IDENTIFIER = com.JL.Dangun;
				PRODUCT_NAME = "$(TARGET_NAME)";
				SWIFT_VERSION = 5.0;
				TARGETED_DEVICE_FAMILY = "1,2";
			};
			name = Debug;
		};
		A420E037261724D10039F2C8 /* Release */ = {
			isa = XCBuildConfiguration;
			baseConfigurationReference = 9DD87C6A75BA537906D5E6F7 /* Pods-Dangun Legend.release.xcconfig */;
			buildSettings = {
				ASSETCATALOG_COMPILER_APPICON_NAME = AppIcon;
				ASSETCATALOG_COMPILER_GLOBAL_ACCENT_COLOR_NAME = AccentColor;
				CODE_SIGN_ENTITLEMENTS = "Dangun Legend/Dangun LegendRelease.entitlements";
				CODE_SIGN_STYLE = Automatic;
				DEVELOPMENT_TEAM = 6TUZG6LW7U;
				INFOPLIST_FILE = "Dangun Legend/Info.plist";
				IPHONEOS_DEPLOYMENT_TARGET = 13.0;
				LD_RUNPATH_SEARCH_PATHS = (
					"$(inherited)",
					"@executable_path/Frameworks",
				);
				MARKETING_VERSION = 2.01;
				PRODUCT_BUNDLE_IDENTIFIER = com.JL.Dangun;
				PRODUCT_NAME = "$(TARGET_NAME)";
				SWIFT_VERSION = 5.0;
				TARGETED_DEVICE_FAMILY = "1,2";
			};
			name = Release;
		};
		A420E039261724D10039F2C8 /* Debug */ = {
			isa = XCBuildConfiguration;
			buildSettings = {
				ALWAYS_EMBED_SWIFT_STANDARD_LIBRARIES = YES;
				BUNDLE_LOADER = "$(TEST_HOST)";
				CODE_SIGN_STYLE = Automatic;
				DEVELOPMENT_TEAM = 6TUZG6LW7U;
				INFOPLIST_FILE = "Dangun LegendTests/Info.plist";
				IPHONEOS_DEPLOYMENT_TARGET = 14.4;
				LD_RUNPATH_SEARCH_PATHS = (
					"$(inherited)",
					"@executable_path/Frameworks",
					"@loader_path/Frameworks",
				);
				PRODUCT_BUNDLE_IDENTIFIER = "com.JL.Dangun-LegendTests";
				PRODUCT_NAME = "$(TARGET_NAME)";
				SWIFT_VERSION = 5.0;
				TARGETED_DEVICE_FAMILY = "1,2";
				TEST_HOST = "$(BUILT_PRODUCTS_DIR)/Dangun Legend.app/Dangun Legend";
			};
			name = Debug;
		};
		A420E03A261724D10039F2C8 /* Release */ = {
			isa = XCBuildConfiguration;
			buildSettings = {
				ALWAYS_EMBED_SWIFT_STANDARD_LIBRARIES = YES;
				BUNDLE_LOADER = "$(TEST_HOST)";
				CODE_SIGN_STYLE = Automatic;
				DEVELOPMENT_TEAM = 6TUZG6LW7U;
				INFOPLIST_FILE = "Dangun LegendTests/Info.plist";
				IPHONEOS_DEPLOYMENT_TARGET = 14.4;
				LD_RUNPATH_SEARCH_PATHS = (
					"$(inherited)",
					"@executable_path/Frameworks",
					"@loader_path/Frameworks",
				);
				PRODUCT_BUNDLE_IDENTIFIER = "com.JL.Dangun-LegendTests";
				PRODUCT_NAME = "$(TARGET_NAME)";
				SWIFT_VERSION = 5.0;
				TARGETED_DEVICE_FAMILY = "1,2";
				TEST_HOST = "$(BUILT_PRODUCTS_DIR)/Dangun Legend.app/Dangun Legend";
			};
			name = Release;
		};
		A420E03C261724D10039F2C8 /* Debug */ = {
			isa = XCBuildConfiguration;
			buildSettings = {
				ALWAYS_EMBED_SWIFT_STANDARD_LIBRARIES = YES;
				CODE_SIGN_STYLE = Automatic;
				DEVELOPMENT_TEAM = 6TUZG6LW7U;
				INFOPLIST_FILE = "Dangun LegendUITests/Info.plist";
				LD_RUNPATH_SEARCH_PATHS = (
					"$(inherited)",
					"@executable_path/Frameworks",
					"@loader_path/Frameworks",
				);
				PRODUCT_BUNDLE_IDENTIFIER = "com.JL.Dangun-LegendUITests";
				PRODUCT_NAME = "$(TARGET_NAME)";
				SWIFT_VERSION = 5.0;
				TARGETED_DEVICE_FAMILY = "1,2";
				TEST_TARGET_NAME = "Dangun Legend";
			};
			name = Debug;
		};
		A420E03D261724D10039F2C8 /* Release */ = {
			isa = XCBuildConfiguration;
			buildSettings = {
				ALWAYS_EMBED_SWIFT_STANDARD_LIBRARIES = YES;
				CODE_SIGN_STYLE = Automatic;
				DEVELOPMENT_TEAM = 6TUZG6LW7U;
				INFOPLIST_FILE = "Dangun LegendUITests/Info.plist";
				LD_RUNPATH_SEARCH_PATHS = (
					"$(inherited)",
					"@executable_path/Frameworks",
					"@loader_path/Frameworks",
				);
				PRODUCT_BUNDLE_IDENTIFIER = "com.JL.Dangun-LegendUITests";
				PRODUCT_NAME = "$(TARGET_NAME)";
				SWIFT_VERSION = 5.0;
				TARGETED_DEVICE_FAMILY = "1,2";
				TEST_TARGET_NAME = "Dangun Legend";
			};
			name = Release;
		};
/* End XCBuildConfiguration section */

/* Begin XCConfigurationList section */
		A420E006261724D00039F2C8 /* Build configuration list for PBXProject "Dangun Legend" */ = {
			isa = XCConfigurationList;
			buildConfigurations = (
				A420E033261724D10039F2C8 /* Debug */,
				A420E034261724D10039F2C8 /* Release */,
			);
			defaultConfigurationIsVisible = 0;
			defaultConfigurationName = Release;
		};
		A420E035261724D10039F2C8 /* Build configuration list for PBXNativeTarget "Dangun Legend" */ = {
			isa = XCConfigurationList;
			buildConfigurations = (
				A420E036261724D10039F2C8 /* Debug */,
				A420E037261724D10039F2C8 /* Release */,
			);
			defaultConfigurationIsVisible = 0;
			defaultConfigurationName = Release;
		};
		A420E038261724D10039F2C8 /* Build configuration list for PBXNativeTarget "Dangun LegendTests" */ = {
			isa = XCConfigurationList;
			buildConfigurations = (
				A420E039261724D10039F2C8 /* Debug */,
				A420E03A261724D10039F2C8 /* Release */,
			);
			defaultConfigurationIsVisible = 0;
			defaultConfigurationName = Release;
		};
		A420E03B261724D10039F2C8 /* Build configuration list for PBXNativeTarget "Dangun LegendUITests" */ = {
			isa = XCConfigurationList;
			buildConfigurations = (
				A420E03C261724D10039F2C8 /* Debug */,
				A420E03D261724D10039F2C8 /* Release */,
			);
			defaultConfigurationIsVisible = 0;
			defaultConfigurationName = Release;
		};
/* End XCConfigurationList section */
	};
	rootObject = A420E003261724D00039F2C8 /* Project object */;
}
